{
  "name": "phase-5-craftsy",
  "lockfileVersion": 2,
  "requires": true,
  "packages": {
    "": {
      "dependencies": {
        "emailjs": "^4.0.2"
      }
    },
    "node_modules/emailjs": {
      "version": "4.0.2",
      "resolved": "https://registry.npmjs.org/emailjs/-/emailjs-4.0.2.tgz",
      "integrity": "sha512-w/tldI93qO7uw9XzdwCCRR36OY/TYJxB81vEOmQkmxVDZOdrAnoQoOAvaMoDmmBUSoD1msyAIwBdKFWzC7lgKQ==",
      "engines": {
        "node": ">=12"
      },
      "peerDependencies": {
        "typescript": ">=4.3.5"
      },
      "peerDependenciesMeta": {
        "typescript": {
          "optional": true
        }
      }
    }
  },
  "dependencies": {
    "emailjs": {
      "version": "4.0.2",
      "resolved": "https://registry.npmjs.org/emailjs/-/emailjs-4.0.2.tgz",
      "integrity": "sha512-w/tldI93qO7uw9XzdwCCRR36OY/TYJxB81vEOmQkmxVDZOdrAnoQoOAvaMoDmmBUSoD1msyAIwBdKFWzC7lgKQ==",
      "requires": {}
    }
  }
}
